
Microsoft Visual Studio Solution File, Format Version 12.00
# Visual Studio Version 17
VisualStudioVersion = 17.5.002.0
MinimumVisualStudioVersion = 10.0.40219.1
Project("{2150E333-8FDC-42A3-9474-1A3956D46DE8}") = "Backend", "Backend", "{AD1464AD-D837-457B-B394-674473CC7C9C}"
EndProject
Project("{9A19103F-16F7-4668-BE54-9A1E7A4F7556}") = "DndHubApi", "Backend\DndHubApi\DndHubApi.csproj", "{D3A9CC38-E6F5-4FFB-80A3-E1F2C17F5BA6}"
EndProject
Global
	GlobalSection(SolutionConfigurationPlatforms) = preSolution
		Debug|Any CPU = Debug|Any CPU
		Release|Any CPU = Release|Any CPU
	EndGlobalSection
	GlobalSection(ProjectConfigurationPlatforms) = postSolution
		{D3A9CC38-E6F5-4FFB-80A3-E1F2C17F5BA6}.Debug|Any CPU.ActiveCfg = Debug|Any CPU
		{D3A9CC38-E6F5-4FFB-80A3-E1F2C17F5BA6}.Debug|Any CPU.Build.0 = Debug|Any CPU
		{D3A9CC38-E6F5-4FFB-80A3-E1F2C17F5BA6}.Release|Any CPU.ActiveCfg = Release|Any CPU
		{D3A9CC38-E6F5-4FFB-80A3-E1F2C17F5BA6}.Release|Any CPU.Build.0 = Release|Any CPU
	EndGlobalSection
	GlobalSection(SolutionProperties) = preSolution
		HideSolutionNode = FALSE
	EndGlobalSection
	GlobalSection(NestedProjects) = preSolution
		{D3A9CC38-E6F5-4FFB-80A3-E1F2C17F5BA6} = {AD1464AD-D837-457B-B394-674473CC7C9C}
	EndGlobalSection
	GlobalSection(ExtensibilityGlobals) = postSolution
		SolutionGuid = {E565399C-7982-4BF6-8E58-5692B5FC8640}
	EndGlobalSection
EndGlobal
